// !$*UTF8*$!
{
	archiveVersion = 1;
	classes = {
	};
	objectVersion = 51;
	objects = {

/* Begin PBXBuildFile section */
		1A5D5B679CF7089DACD965E7 /* Pods_FlixsterTests.framework in Frameworks */ = {isa = PBXBuildFile; fileRef = 010EBF46CCE3A7255BFEF543 /* Pods_FlixsterTests.framework */; };
		2F0FEDAC2444C110DE371057 /* Pods_Flixster.framework in Frameworks */ = {isa = PBXBuildFile; fileRef = D461B14374CFC9A7ADEA228D /* Pods_Flixster.framework */; };
		ABB59F8C084E901D90E19563 /* Pods_FlixsterUITests.framework in Frameworks */ = {isa = PBXBuildFile; fileRef = 124EA835D33BF5488E063C58 /* Pods_FlixsterUITests.framework */; };
		F21F354425E43E0900199AF2 /* MovieDetailsViewController.swift in Sources */ = {isa = PBXBuildFile; fileRef = F21F354325E43E0900199AF2 /* MovieDetailsViewController.swift */; };
		F21F354925E44D5100199AF2 /* MovieGridViewController.swift in Sources */ = {isa = PBXBuildFile; fileRef = F21F354825E44D5100199AF2 /* MovieGridViewController.swift */; };
		F21F354E25E4548E00199AF2 /* MovieGridCell.swift in Sources */ = {isa = PBXBuildFile; fileRef = F21F354D25E4548E00199AF2 /* MovieGridCell.swift */; };
		F222B25C25DCE12500E54C89 /* AppDelegate.swift in Sources */ = {isa = PBXBuildFile; fileRef = F222B25B25DCE12500E54C89 /* AppDelegate.swift */; };
		F222B25E25DCE12500E54C89 /* SceneDelegate.swift in Sources */ = {isa = PBXBuildFile; fileRef = F222B25D25DCE12500E54C89 /* SceneDelegate.swift */; };
		F222B26325DCE12500E54C89 /* Main.storyboard in Resources */ = {isa = PBXBuildFile; fileRef = F222B26125DCE12500E54C89 /* Main.storyboard */; };
		F222B26525DCE12700E54C89 /* Assets.xcassets in Resources */ = {isa = PBXBuildFile; fileRef = F222B26425DCE12700E54C89 /* Assets.xcassets */; };
		F222B26825DCE12700E54C89 /* LaunchScreen.storyboard in Resources */ = {isa = PBXBuildFile; fileRef = F222B26625DCE12700E54C89 /* LaunchScreen.storyboard */; };
		F222B27325DCE12800E54C89 /* FlixsterTests.swift in Sources */ = {isa = PBXBuildFile; fileRef = F222B27225DCE12800E54C89 /* FlixsterTests.swift */; };
		F222B27E25DCE12800E54C89 /* FlixsterUITests.swift in Sources */ = {isa = PBXBuildFile; fileRef = F222B27D25DCE12800E54C89 /* FlixsterUITests.swift */; };
		F222B2A025DDD0DA00E54C89 /* MoviesViewController.swift in Sources */ = {isa = PBXBuildFile; fileRef = F222B29F25DDD0DA00E54C89 /* MoviesViewController.swift */; };
		F222B2A525DDDB7400E54C89 /* MovieCell.swift in Sources */ = {isa = PBXBuildFile; fileRef = F222B2A425DDDB7400E54C89 /* MovieCell.swift */; };
/* End PBXBuildFile section */

/* Begin PBXContainerItemProxy section */
		F222B26F25DCE12800E54C89 /* PBXContainerItemProxy */ = {
			isa = PBXContainerItemProxy;
			containerPortal = F222B25025DCE12500E54C89 /* Project object */;
			proxyType = 1;
			remoteGlobalIDString = F222B25725DCE12500E54C89;
			remoteInfo = Flixster;
		};
		F222B27A25DCE12800E54C89 /* PBXContainerItemProxy */ = {
			isa = PBXContainerItemProxy;
			containerPortal = F222B25025DCE12500E54C89 /* Project object */;
			proxyType = 1;
			remoteGlobalIDString = F222B25725DCE12500E54C89;
			remoteInfo = Flixster;
		};
/* End PBXContainerItemProxy section */

/* Begin PBXFileReference section */
		00A6918C3411FCDE58065F8C /* Pods-FlixsterTests.debug.xcconfig */ = {isa = PBXFileReference; includeInIndex = 1; lastKnownFileType = text.xcconfig; name = "Pods-FlixsterTests.debug.xcconfig"; path = "Target Support Files/Pods-FlixsterTests/Pods-FlixsterTests.debug.xcconfig"; sourceTree = "<group>"; };
		010EBF46CCE3A7255BFEF543 /* Pods_FlixsterTests.framework */ = {isa = PBXFileReference; explicitFileType = wrapper.framework; includeInIndex = 0; path = Pods_FlixsterTests.framework; sourceTree = BUILT_PRODUCTS_DIR; };
		124EA835D33BF5488E063C58 /* Pods_FlixsterUITests.framework */ = {isa = PBXFileReference; explicitFileType = wrapper.framework; includeInIndex = 0; path = Pods_FlixsterUITests.framework; sourceTree = BUILT_PRODUCTS_DIR; };
		4B23F4824F323D0576B8E28F /* Pods-FlixsterUITests.release.xcconfig */ = {isa = PBXFileReference; includeInIndex = 1; lastKnownFileType = text.xcconfig; name = "Pods-FlixsterUITests.release.xcconfig"; path = "Target Support Files/Pods-FlixsterUITests/Pods-FlixsterUITests.release.xcconfig"; sourceTree = "<group>"; };
		90E6F0A993802CE6D6CAD24F /* Pods-FlixsterUITests.debug.xcconfig */ = {isa = PBXFileReference; includeInIndex = 1; lastKnownFileType = text.xcconfig; name = "Pods-FlixsterUITests.debug.xcconfig"; path = "Target Support Files/Pods-FlixsterUITests/Pods-FlixsterUITests.debug.xcconfig"; sourceTree = "<group>"; };
		99D2A84BB7890287A5342B3C /* Pods-Flixster.release.xcconfig */ = {isa = PBXFileReference; includeInIndex = 1; lastKnownFileType = text.xcconfig; name = "Pods-Flixster.release.xcconfig"; path = "Target Support Files/Pods-Flixster/Pods-Flixster.release.xcconfig"; sourceTree = "<group>"; };
		C8F2AF26F1380A4971969841 /* Pods-Flixster.debug.xcconfig */ = {isa = PBXFileReference; includeInIndex = 1; lastKnownFileType = text.xcconfig; name = "Pods-Flixster.debug.xcconfig"; path = "Target Support Files/Pods-Flixster/Pods-Flixster.debug.xcconfig"; sourceTree = "<group>"; };
		D1A9FCE510F62DA54981B221 /* Pods-FlixsterTests.release.xcconfig */ = {isa = PBXFileReference; includeInIndex = 1; lastKnownFileType = text.xcconfig; name = "Pods-FlixsterTests.release.xcconfig"; path = "Target Support Files/Pods-FlixsterTests/Pods-FlixsterTests.release.xcconfig"; sourceTree = "<group>"; };
		D461B14374CFC9A7ADEA228D /* Pods_Flixster.framework */ = {isa = PBXFileReference; explicitFileType = wrapper.framework; includeInIndex = 0; path = Pods_Flixster.framework; sourceTree = BUILT_PRODUCTS_DIR; };
		F21F354325E43E0900199AF2 /* MovieDetailsViewController.swift */ = {isa = PBXFileReference; lastKnownFileType = sourcecode.swift; path = MovieDetailsViewController.swift; sourceTree = "<group>"; };
		F21F354825E44D5100199AF2 /* MovieGridViewController.swift */ = {isa = PBXFileReference; lastKnownFileType = sourcecode.swift; path = MovieGridViewController.swift; sourceTree = "<group>"; };
		F21F354D25E4548E00199AF2 /* MovieGridCell.swift */ = {isa = PBXFileReference; lastKnownFileType = sourcecode.swift; path = MovieGridCell.swift; sourceTree = "<group>"; };
		F222B25825DCE12500E54C89 /* Flixster.app */ = {isa = PBXFileReference; explicitFileType = wrapper.application; includeInIndex = 0; path = Flixster.app; sourceTree = BUILT_PRODUCTS_DIR; };
		F222B25B25DCE12500E54C89 /* AppDelegate.swift */ = {isa = PBXFileReference; lastKnownFileType = sourcecode.swift; path = AppDelegate.swift; sourceTree = "<group>"; };
		F222B25D25DCE12500E54C89 /* SceneDelegate.swift */ = {isa = PBXFileReference; lastKnownFileType = sourcecode.swift; path = SceneDelegate.swift; sourceTree = "<group>"; };
		F222B26225DCE12500E54C89 /* Base */ = {isa = PBXFileReference; lastKnownFileType = file.storyboard; name = Base; path = Base.lproj/Main.storyboard; sourceTree = "<group>"; };
		F222B26425DCE12700E54C89 /* Assets.xcassets */ = {isa = PBXFileReference; lastKnownFileType = folder.assetcatalog; path = Assets.xcassets; sourceTree = "<group>"; };
		F222B26725DCE12700E54C89 /* Base */ = {isa = PBXFileReference; lastKnownFileType = file.storyboard; name = Base; path = Base.lproj/LaunchScreen.storyboard; sourceTree = "<group>"; };
		F222B26925DCE12700E54C89 /* Info.plist */ = {isa = PBXFileReference; lastKnownFileType = text.plist.xml; path = Info.plist; sourceTree = "<group>"; };
		F222B26E25DCE12800E54C89 /* FlixsterTests.xctest */ = {isa = PBXFileReference; explicitFileType = wrapper.cfbundle; includeInIndex = 0; path = FlixsterTests.xctest; sourceTree = BUILT_PRODUCTS_DIR; };
		F222B27225DCE12800E54C89 /* FlixsterTests.swift */ = {isa = PBXFileReference; lastKnownFileType = sourcecode.swift; path = FlixsterTests.swift; sourceTree = "<group>"; };
		F222B27425DCE12800E54C89 /* Info.plist */ = {isa = PBXFileReference; lastKnownFileType = text.plist.xml; path = Info.plist; sourceTree = "<group>"; };
		F222B27925DCE12800E54C89 /* FlixsterUITests.xctest */ = {isa = PBXFileReference; explicitFileType = wrapper.cfbundle; includeInIndex = 0; path = FlixsterUITests.xctest; sourceTree = BUILT_PRODUCTS_DIR; };
		F222B27D25DCE12800E54C89 /* FlixsterUITests.swift */ = {isa = PBXFileReference; lastKnownFileType = sourcecode.swift; path = FlixsterUITests.swift; sourceTree = "<group>"; };
		F222B27F25DCE12800E54C89 /* Info.plist */ = {isa = PBXFileReference; lastKnownFileType = text.plist.xml; path = Info.plist; sourceTree = "<group>"; };
		F222B29F25DDD0DA00E54C89 /* MoviesViewController.swift */ = {isa = PBXFileReference; lastKnownFileType = sourcecode.swift; path = MoviesViewController.swift; sourceTree = "<group>"; };
		F222B2A425DDDB7400E54C89 /* MovieCell.swift */ = {isa = PBXFileReference; lastKnownFileType = sourcecode.swift; path = MovieCell.swift; sourceTree = "<group>"; };
/* End PBXFileReference section */

/* Begin PBXFrameworksBuildPhase section */
		F222B25525DCE12500E54C89 /* Frameworks */ = {
			isa = PBXFrameworksBuildPhase;
			buildActionMask = 2147483647;
			files = (
				2F0FEDAC2444C110DE371057 /* Pods_Flixster.framework in Frameworks */,
			);
			runOnlyForDeploymentPostprocessing = 0;
		};
		F222B26B25DCE12800E54C89 /* Frameworks */ = {
			isa = PBXFrameworksBuildPhase;
			buildActionMask = 2147483647;
			files = (
				1A5D5B679CF7089DACD965E7 /* Pods_FlixsterTests.framework in Frameworks */,
			);
			runOnlyForDeploymentPostprocessing = 0;
		};
		F222B27625DCE12800E54C89 /* Frameworks */ = {
			isa = PBXFrameworksBuildPhase;
			buildActionMask = 2147483647;
			files = (
				ABB59F8C084E901D90E19563 /* Pods_FlixsterUITests.framework in Frameworks */,
			);
			runOnlyForDeploymentPostprocessing = 0;
		};
/* End PBXFrameworksBuildPhase section */

/* Begin PBXGroup section */
		16F77CF05E9A0BBB6CCAECD7 /* Frameworks */ = {
			isa = PBXGroup;
			children = (
				D461B14374CFC9A7ADEA228D /* Pods_Flixster.framework */,
				010EBF46CCE3A7255BFEF543 /* Pods_FlixsterTests.framework */,
				124EA835D33BF5488E063C58 /* Pods_FlixsterUITests.framework */,
			);
			name = Frameworks;
			sourceTree = "<group>";
		};
		2C3548ABFFE2450049045A93 /* Pods */ = {
			isa = PBXGroup;
			children = (
				C8F2AF26F1380A4971969841 /* Pods-Flixster.debug.xcconfig */,
				99D2A84BB7890287A5342B3C /* Pods-Flixster.release.xcconfig */,
				00A6918C3411FCDE58065F8C /* Pods-FlixsterTests.debug.xcconfig */,
				D1A9FCE510F62DA54981B221 /* Pods-FlixsterTests.release.xcconfig */,
				90E6F0A993802CE6D6CAD24F /* Pods-FlixsterUITests.debug.xcconfig */,
				4B23F4824F323D0576B8E28F /* Pods-FlixsterUITests.release.xcconfig */,
			);
			path = Pods;
			sourceTree = "<group>";
		};
		F222B24F25DCE12500E54C89 = {
			isa = PBXGroup;
			children = (
				F222B25A25DCE12500E54C89 /* Flixster */,
				F222B27125DCE12800E54C89 /* FlixsterTests */,
				F222B27C25DCE12800E54C89 /* FlixsterUITests */,
				F222B25925DCE12500E54C89 /* Products */,
				2C3548ABFFE2450049045A93 /* Pods */,
				16F77CF05E9A0BBB6CCAECD7 /* Frameworks */,
			);
			sourceTree = "<group>";
		};
		F222B25925DCE12500E54C89 /* Products */ = {
			isa = PBXGroup;
			children = (
				F222B25825DCE12500E54C89 /* Flixster.app */,
				F222B26E25DCE12800E54C89 /* FlixsterTests.xctest */,
				F222B27925DCE12800E54C89 /* FlixsterUITests.xctest */,
			);
			name = Products;
			sourceTree = "<group>";
		};
		F222B25A25DCE12500E54C89 /* Flixster */ = {
			isa = PBXGroup;
			children = (
				F222B25B25DCE12500E54C89 /* AppDelegate.swift */,
				F222B25D25DCE12500E54C89 /* SceneDelegate.swift */,
				F222B26125DCE12500E54C89 /* Main.storyboard */,
				F222B26425DCE12700E54C89 /* Assets.xcassets */,
				F222B26625DCE12700E54C89 /* LaunchScreen.storyboard */,
				F222B26925DCE12700E54C89 /* Info.plist */,
				F222B29F25DDD0DA00E54C89 /* MoviesViewController.swift */,
				F222B2A425DDDB7400E54C89 /* MovieCell.swift */,
				F21F354325E43E0900199AF2 /* MovieDetailsViewController.swift */,
				F21F354825E44D5100199AF2 /* MovieGridViewController.swift */,
				F21F354D25E4548E00199AF2 /* MovieGridCell.swift */,
			);
			path = Flixster;
			sourceTree = "<group>";
		};
		F222B27125DCE12800E54C89 /* FlixsterTests */ = {
			isa = PBXGroup;
			children = (
				F222B27225DCE12800E54C89 /* FlixsterTests.swift */,
				F222B27425DCE12800E54C89 /* Info.plist */,
			);
			path = FlixsterTests;
			sourceTree = "<group>";
		};
		F222B27C25DCE12800E54C89 /* FlixsterUITests */ = {
			isa = PBXGroup;
			children = (
				F222B27D25DCE12800E54C89 /* FlixsterUITests.swift */,
				F222B27F25DCE12800E54C89 /* Info.plist */,
			);
			path = FlixsterUITests;
			sourceTree = "<group>";
		};
/* End PBXGroup section */

/* Begin PBXNativeTarget section */
		F222B25725DCE12500E54C89 /* Flixster */ = {
			isa = PBXNativeTarget;
			buildConfigurationList = F222B28225DCE12800E54C89 /* Build configuration list for PBXNativeTarget "Flixster" */;
			buildPhases = (
				196E272CBB51BBBF02F84E1F /* [CP] Check Pods Manifest.lock */,
				F222B25425DCE12500E54C89 /* Sources */,
				F222B25525DCE12500E54C89 /* Frameworks */,
				F222B25625DCE12500E54C89 /* Resources */,
				8271EFD40A36B8F731FD7D87 /* [CP] Embed Pods Frameworks */,
			);
			buildRules = (
			);
			dependencies = (
			);
			name = Flixster;
			productName = Flixster;
			productReference = F222B25825DCE12500E54C89 /* Flixster.app */;
			productType = "com.apple.product-type.application";
		};
		F222B26D25DCE12800E54C89 /* FlixsterTests */ = {
			isa = PBXNativeTarget;
			buildConfigurationList = F222B28525DCE12800E54C89 /* Build configuration list for PBXNativeTarget "FlixsterTests" */;
			buildPhases = (
				6B23EE8CD3EC05E719C00F4D /* [CP] Check Pods Manifest.lock */,
				F222B26A25DCE12800E54C89 /* Sources */,
				F222B26B25DCE12800E54C89 /* Frameworks */,
				F222B26C25DCE12800E54C89 /* Resources */,
			);
			buildRules = (
			);
			dependencies = (
				F222B27025DCE12800E54C89 /* PBXTargetDependency */,
			);
			name = FlixsterTests;
			productName = FlixsterTests;
			productReference = F222B26E25DCE12800E54C89 /* FlixsterTests.xctest */;
			productType = "com.apple.product-type.bundle.unit-test";
		};
		F222B27825DCE12800E54C89 /* FlixsterUITests */ = {
			isa = PBXNativeTarget;
			buildConfigurationList = F222B28825DCE12800E54C89 /* Build configuration list for PBXNativeTarget "FlixsterUITests" */;
			buildPhases = (
				A35D0561EB293B32C4A0E78B /* [CP] Check Pods Manifest.lock */,
				F222B27525DCE12800E54C89 /* Sources */,
				F222B27625DCE12800E54C89 /* Frameworks */,
				F222B27725DCE12800E54C89 /* Resources */,
			);
			buildRules = (
			);
			dependencies = (
				F222B27B25DCE12800E54C89 /* PBXTargetDependency */,
			);
			name = FlixsterUITests;
			productName = FlixsterUITests;
			productReference = F222B27925DCE12800E54C89 /* FlixsterUITests.xctest */;
			productType = "com.apple.product-type.bundle.ui-testing";
		};
/* End PBXNativeTarget section */

/* Begin PBXProject section */
		F222B25025DCE12500E54C89 /* Project object */ = {
			isa = PBXProject;
			attributes = {
				LastSwiftUpdateCheck = 1240;
				LastUpgradeCheck = 1240;
				TargetAttributes = {
					F222B25725DCE12500E54C89 = {
						CreatedOnToolsVersion = 12.4;
					};
					F222B26D25DCE12800E54C89 = {
						CreatedOnToolsVersion = 12.4;
						TestTargetID = F222B25725DCE12500E54C89;
					};
					F222B27825DCE12800E54C89 = {
						CreatedOnToolsVersion = 12.4;
						TestTargetID = F222B25725DCE12500E54C89;
					};
				};
			};
			buildConfigurationList = F222B25325DCE12500E54C89 /* Build configuration list for PBXProject "Flixster" */;
			compatibilityVersion = "Xcode 9.3";
			developmentRegion = en;
			hasScannedForEncodings = 0;
			knownRegions = (
				en,
				Base,
			);
			mainGroup = F222B24F25DCE12500E54C89;
			productRefGroup = F222B25925DCE12500E54C89 /* Products */;
			projectDirPath = "";
			projectRoot = "";
			targets = (
				F222B25725DCE12500E54C89 /* Flixster */,
				F222B26D25DCE12800E54C89 /* FlixsterTests */,
				F222B27825DCE12800E54C89 /* FlixsterUITests */,
			);
		};
/* End PBXProject section */

/* Begin PBXResourcesBuildPhase section */
		F222B25625DCE12500E54C89 /* Resources */ = {
			isa = PBXResourcesBuildPhase;
			buildActionMask = 2147483647;
			files = (
				F222B26825DCE12700E54C89 /* LaunchScreen.storyboard in Resources */,
				F222B26525DCE12700E54C89 /* Assets.xcassets in Resources */,
				F222B26325DCE12500E54C89 /* Main.storyboard in Resources */,
			);
			runOnlyForDeploymentPostprocessing = 0;
		};
		F222B26C25DCE12800E54C89 /* Resources */ = {
			isa = PBXResourcesBuildPhase;
			buildActionMask = 2147483647;
			files = (
			);
			runOnlyForDeploymentPostprocessing = 0;
		};
		F222B27725DCE12800E54C89 /* Resources */ = {
			isa = PBXResourcesBuildPhase;
			buildActionMask = 2147483647;
			files = (
			);
			runOnlyForDeploymentPostprocessing = 0;
		};
/* End PBXResourcesBuildPhase section */

/* Begin PBXShellScriptBuildPhase section */
		196E272CBB51BBBF02F84E1F /* [CP] Check Pods Manifest.lock */ = {
			isa = PBXShellScriptBuildPhase;
			buildActionMask = 2147483647;
			files = (
			);
			inputFileListPaths = (
			);
			inputPaths = (
				"${PODS_PODFILE_DIR_PATH}/Podfile.lock",
				"${PODS_ROOT}/Manifest.lock",
			);
			name = "[CP] Check Pods Manifest.lock";
			outputFileListPaths = (
			);
			outputPaths = (
				"$(DERIVED_FILE_DIR)/Pods-Flixster-checkManifestLockResult.txt",
			);
			runOnlyForDeploymentPostprocessing = 0;
			shellPath = /bin/sh;
			shellScript = "diff \"${PODS_PODFILE_DIR_PATH}/Podfile.lock\" \"${PODS_ROOT}/Manifest.lock\" > /dev/null\nif [ $? != 0 ] ; then\n    # print error to STDERR\n    echo \"error: The sandbox is not in sync with the Podfile.lock. Run 'pod install' or update your CocoaPods installation.\" >&2\n    exit 1\nfi\n# This output is used by Xcode 'outputs' to avoid re-running this script phase.\necho \"SUCCESS\" > \"${SCRIPT_OUTPUT_FILE_0}\"\n";
			showEnvVarsInLog = 0;
		};
		6B23EE8CD3EC05E719C00F4D /* [CP] Check Pods Manifest.lock */ = {
			isa = PBXShellScriptBuildPhase;
			buildActionMask = 2147483647;
			files = (
			);
			inputFileListPaths = (
			);
			inputPaths = (
				"${PODS_PODFILE_DIR_PATH}/Podfile.lock",
				"${PODS_ROOT}/Manifest.lock",
			);
			name = "[CP] Check Pods Manifest.lock";
			outputFileListPaths = (
			);
			outputPaths = (
				"$(DERIVED_FILE_DIR)/Pods-FlixsterTests-checkManifestLockResult.txt",
			);
			runOnlyForDeploymentPostprocessing = 0;
			shellPath = /bin/sh;
			shellScript = "diff \"${PODS_PODFILE_DIR_PATH}/Podfile.lock\" \"${PODS_ROOT}/Manifest.lock\" > /dev/null\nif [ $? != 0 ] ; then\n    # print error to STDERR\n    echo \"error: The sandbox is not in sync with the Podfile.lock. Run 'pod install' or update your CocoaPods installation.\" >&2\n    exit 1\nfi\n# This output is used by Xcode 'outputs' to avoid re-running this script phase.\necho \"SUCCESS\" > \"${SCRIPT_OUTPUT_FILE_0}\"\n";
			showEnvVarsInLog = 0;
		};
		8271EFD40A36B8F731FD7D87 /* [CP] Embed Pods Frameworks */ = {
			isa = PBXShellScriptBuildPhase;
			buildActionMask = 2147483647;
			files = (
			);
			inputFileListPaths = (
				"${PODS_ROOT}/Target Support Files/Pods-Flixster/Pods-Flixster-frameworks-${CONFIGURATION}-input-files.xcfilelist",
			);
			name = "[CP] Embed Pods Frameworks";
			outputFileListPaths = (
				"${PODS_ROOT}/Target Support Files/Pods-Flixster/Pods-Flixster-frameworks-${CONFIGURATION}-output-files.xcfilelist",
			);
			runOnlyForDeploymentPostprocessing = 0;
			shellPath = /bin/sh;
			shellScript = "\"${PODS_ROOT}/Target Support Files/Pods-Flixster/Pods-Flixster-frameworks.sh\"\n";
			showEnvVarsInLog = 0;
		};
		A35D0561EB293B32C4A0E78B /* [CP] Check Pods Manifest.lock */ = {
			isa = PBXShellScriptBuildPhase;
			buildActionMask = 2147483647;
			files = (
			);
			inputFileListPaths = (
			);
			inputPaths = (
				"${PODS_PODFILE_DIR_PATH}/Podfile.lock",
				"${PODS_ROOT}/Manifest.lock",
			);
			name = "[CP] Check Pods Manifest.lock";
			outputFileListPaths = (
			);
			outputPaths = (
				"$(DERIVED_FILE_DIR)/Pods-FlixsterUITests-checkManifestLockResult.txt",
			);
			runOnlyForDeploymentPostprocessing = 0;
			shellPath = /bin/sh;
			shellScript = "diff \"${PODS_PODFILE_DIR_PATH}/Podfile.lock\" \"${PODS_ROOT}/Manifest.lock\" > /dev/null\nif [ $? != 0 ] ; then\n    # print error to STDERR\n    echo \"error: The sandbox is not in sync with the Podfile.lock. Run 'pod install' or update your CocoaPods installation.\" >&2\n    exit 1\nfi\n# This output is used by Xcode 'outputs' to avoid re-running this script phase.\necho \"SUCCESS\" > \"${SCRIPT_OUTPUT_FILE_0}\"\n";
			showEnvVarsInLog = 0;
		};
/* End PBXShellScriptBuildPhase section */

/* Begin PBXSourcesBuildPhase section */
		F222B25425DCE12500E54C89 /* Sources */ = {
			isa = PBXSourcesBuildPhase;
			buildActionMask = 2147483647;
			files = (
				F21F354425E43E0900199AF2 /* MovieDetailsViewController.swift in Sources */,
				F222B25C25DCE12500E54C89 /* AppDelegate.swift in Sources */,
				F222B25E25DCE12500E54C89 /* SceneDelegate.swift in Sources */,
				F222B2A525DDDB7400E54C89 /* MovieCell.swift in Sources */,
				F222B2A025DDD0DA00E54C89 /* MoviesViewController.swift in Sources */,
				F21F354925E44D5100199AF2 /* MovieGridViewController.swift in Sources */,
				F21F354E25E4548E00199AF2 /* MovieGridCell.swift in Sources */,
			);
			runOnlyForDeploymentPostprocessing = 0;
		};
		F222B26A25DCE12800E54C89 /* Sources */ = {
			isa = PBXSourcesBuildPhase;
			buildActionMask = 2147483647;
			files = (
				F222B27325DCE12800E54C89 /* FlixsterTests.swift in Sources */,
			);
			runOnlyForDeploymentPostprocessing = 0;
		};
		F222B27525DCE12800E54C89 /* Sources */ = {
			isa = PBXSourcesBuildPhase;
			buildActionMask = 2147483647;
			files = (
				F222B27E25DCE12800E54C89 /* FlixsterUITests.swift in Sources */,
			);
			runOnlyForDeploymentPostprocessing = 0;
		};
/* End PBXSourcesBuildPhase section */

/* Begin PBXTargetDependency section */
		F222B27025DCE12800E54C89 /* PBXTargetDependency */ = {
			isa = PBXTargetDependency;
			target = F222B25725DCE12500E54C89 /* Flixster */;
			targetProxy = F222B26F25DCE12800E54C89 /* PBXContainerItemProxy */;
		};
		F222B27B25DCE12800E54C89 /* PBXTargetDependency */ = {
			isa = PBXTargetDependency;
			target = F222B25725DCE12500E54C89 /* Flixster */;
			targetProxy = F222B27A25DCE12800E54C89 /* PBXContainerItemProxy */;
		};
/* End PBXTargetDependency section */

/* Begin PBXVariantGroup section */
		F222B26125DCE12500E54C89 /* Main.storyboard */ = {
			isa = PBXVariantGroup;
			children = (
				F222B26225DCE12500E54C89 /* Base */,
			);
			name = Main.storyboard;
			sourceTree = "<group>";
		};
		F222B26625DCE12700E54C89 /* LaunchScreen.storyboard */ = {
			isa = PBXVariantGroup;
			children = (
				F222B26725DCE12700E54C89 /* Base */,
			);
			name = LaunchScreen.storyboard;
			sourceTree = "<group>";
		};
/* End PBXVariantGroup section */

/* Begin XCBuildConfiguration section */
		F222B28025DCE12800E54C89 /* Debug */ = {
			isa = XCBuildConfiguration;
			buildSettings = {
				ALWAYS_SEARCH_USER_PATHS = NO;
				CLANG_ANALYZER_NONNULL = YES;
				CLANG_ANALYZER_NUMBER_OBJECT_CONVERSION = YES_AGGRESSIVE;
				CLANG_CXX_LANGUAGE_STANDARD = "gnu++14";
				CLANG_CXX_LIBRARY = "libc++";
				CLANG_ENABLE_MODULES = YES;
				CLANG_ENABLE_OBJC_ARC = YES;
				CLANG_ENABLE_OBJC_WEAK = YES;
				CLANG_WARN_BLOCK_CAPTURE_AUTORELEASING = YES;
				CLANG_WARN_BOOL_CONVERSION = YES;
				CLANG_WARN_COMMA = YES;
				CLANG_WARN_CONSTANT_CONVERSION = YES;
				CLANG_WARN_DEPRECATED_OBJC_IMPLEMENTATIONS = YES;
				CLANG_WARN_DIRECT_OBJC_ISA_USAGE = YES_ERROR;
				CLANG_WARN_DOCUMENTATION_COMMENTS = YES;
				CLANG_WARN_EMPTY_BODY = YES;
				CLANG_WARN_ENUM_CONVERSION = YES;
				CLANG_WARN_INFINITE_RECURSION = YES;
				CLANG_WARN_INT_CONVERSION = YES;
				CLANG_WARN_NON_LITERAL_NULL_CONVERSION = YES;
				CLANG_WARN_OBJC_IMPLICIT_RETAIN_SELF = YES;
				CLANG_WARN_OBJC_LITERAL_CONVERSION = YES;
				CLANG_WARN_OBJC_ROOT_CLASS = YES_ERROR;
				CLANG_WARN_QUOTED_INCLUDE_IN_FRAMEWORK_HEADER = YES;
				CLANG_WARN_RANGE_LOOP_ANALYSIS = YES;
				CLANG_WARN_STRICT_PROTOTYPES = YES;
				CLANG_WARN_SUSPICIOUS_MOVE = YES;
				CLANG_WARN_UNGUARDED_AVAILABILITY = YES_AGGRESSIVE;
				CLANG_WARN_UNREACHABLE_CODE = YES;
				CLANG_WARN__DUPLICATE_METHOD_MATCH = YES;
				COPY_PHASE_STRIP = NO;
				DEBUG_INFORMATION_FORMAT = dwarf;
				ENABLE_STRICT_OBJC_MSGSEND = YES;
				ENABLE_TESTABILITY = YES;
				GCC_C_LANGUAGE_STANDARD = gnu11;
				GCC_DYNAMIC_NO_PIC = NO;
				GCC_NO_COMMON_BLOCKS = YES;
				GCC_OPTIMIZATION_LEVEL = 0;
				GCC_PREPROCESSOR_DEFINITIONS = (
					"DEBUG=1",
					"$(inherited)",
				);
				GCC_WARN_64_TO_32_BIT_CONVERSION = YES;
				GCC_WARN_ABOUT_RETURN_TYPE = YES_ERROR;
				GCC_WARN_UNDECLARED_SELECTOR = YES;
				GCC_WARN_UNINITIALIZED_AUTOS = YES_AGGRESSIVE;
				GCC_WARN_UNUSED_FUNCTION = YES;
				GCC_WARN_UNUSED_VARIABLE = YES;
				IPHONEOS_DEPLOYMENT_TARGET = 14.4;
				MTL_ENABLE_DEBUG_INFO = INCLUDE_SOURCE;
				MTL_FAST_MATH = YES;
				ONLY_ACTIVE_ARCH = YES;
				SDKROOT = iphoneos;
				SWIFT_ACTIVE_COMPILATION_CONDITIONS = DEBUG;
				SWIFT_OPTIMIZATION_LEVEL = "-Onone";
			};
			name = Debug;
		};
		F222B28125DCE12800E54C89 /* Release */ = {
			isa = XCBuildConfiguration;
			buildSettings = {
				ALWAYS_SEARCH_USER_PATHS = NO;
				CLANG_ANALYZER_NONNULL = YES;
				CLANG_ANALYZER_NUMBER_OBJECT_CONVERSION = YES_AGGRESSIVE;
				CLANG_CXX_LANGUAGE_STANDARD = "gnu++14";
				CLANG_CXX_LIBRARY = "libc++";
				CLANG_ENABLE_MODULES = YES;
				CLANG_ENABLE_OBJC_ARC = YES;
				CLANG_ENABLE_OBJC_WEAK = YES;
				CLANG_WARN_BLOCK_CAPTURE_AUTORELEASING = YES;
				CLANG_WARN_BOOL_CONVERSION = YES;
				CLANG_WARN_COMMA = YES;
				CLANG_WARN_CONSTANT_CONVERSION = YES;
				CLANG_WARN_DEPRECATED_OBJC_IMPLEMENTATIONS = YES;
				CLANG_WARN_DIRECT_OBJC_ISA_USAGE = YES_ERROR;
				CLANG_WARN_DOCUMENTATION_COMMENTS = YES;
				CLANG_WARN_EMPTY_BODY = YES;
				CLANG_WARN_ENUM_CONVERSION = YES;
				CLANG_WARN_INFINITE_RECURSION = YES;
				CLANG_WARN_INT_CONVERSION = YES;
				CLANG_WARN_NON_LITERAL_NULL_CONVERSION = YES;
				CLANG_WARN_OBJC_IMPLICIT_RETAIN_SELF = YES;
				CLANG_WARN_OBJC_LITERAL_CONVERSION = YES;
				CLANG_WARN_OBJC_ROOT_CLASS = YES_ERROR;
				CLANG_WARN_QUOTED_INCLUDE_IN_FRAMEWORK_HEADER = YES;
				CLANG_WARN_RANGE_LOOP_ANALYSIS = YES;
				CLANG_WARN_STRICT_PROTOTYPES = YES;
				CLANG_WARN_SUSPICIOUS_MOVE = YES;
				CLANG_WARN_UNGUARDED_AVAILABILITY = YES_AGGRESSIVE;
				CLANG_WARN_UNREACHABLE_CODE = YES;
				CLANG_WARN__DUPLICATE_METHOD_MATCH = YES;
				COPY_PHASE_STRIP = NO;
				DEBUG_INFORMATION_FORMAT = "dwarf-with-dsym";
				ENABLE_NS_ASSERTIONS = NO;
				ENABLE_STRICT_OBJC_MSGSEND = YES;
				GCC_C_LANGUAGE_STANDARD = gnu11;
				GCC_NO_COMMON_BLOCKS = YES;
				GCC_WARN_64_TO_32_BIT_CONVERSION = YES;
				GCC_WARN_ABOUT_RETURN_TYPE = YES_ERROR;
				GCC_WARN_UNDECLARED_SELECTOR = YES;
				GCC_WARN_UNINITIALIZED_AUTOS = YES_AGGRESSIVE;
				GCC_WARN_UNUSED_FUNCTION = YES;
				GCC_WARN_UNUSED_VARIABLE = YES;
				IPHONEOS_DEPLOYMENT_TARGET = 14.4;
				MTL_ENABLE_DEBUG_INFO = NO;
				MTL_FAST_MATH = YES;
				SDKROOT = iphoneos;
				SWIFT_COMPILATION_MODE = wholemodule;
				SWIFT_OPTIMIZATION_LEVEL = "-O";
				VALIDATE_PRODUCT = YES;
			};
			name = Release;
		};
		F222B28325DCE12800E54C89 /* Debug */ = {
			isa = XCBuildConfiguration;
			baseConfigurationReference = C8F2AF26F1380A4971969841 /* Pods-Flixster.debug.xcconfig */;
			buildSettings = {
				ASSETCATALOG_COMPILER_APPICON_NAME = AppIcon;
				ASSETCATALOG_COMPILER_GLOBAL_ACCENT_COLOR_NAME = AccentColor;
				CODE_SIGN_STYLE = Automatic;
				INFOPLIST_FILE = Flixster/Info.plist;
				LD_RUNPATH_SEARCH_PATHS = (
					"$(inherited)",
					"@executable_path/Frameworks",
				);
				PRODUCT_BUNDLE_IDENTIFIER = Codepath.Flixster;
				PRODUCT_NAME = "$(TARGET_NAME)";
				SWIFT_VERSION = 5.0;
				TARGETED_DEVICE_FAMILY = "1,2";
			};
			name = Debug;
		};
		F222B28425DCE12800E54C89 /* Release */ = {
			isa = XCBuildConfiguration;
			baseConfigurationReference = 99D2A84BB7890287A5342B3C /* Pods-Flixster.release.xcconfig */;
			buildSettings = {
				ASSETCATALOG_COMPILER_APPICON_NAME = AppIcon;
				ASSETCATALOG_COMPILER_GLOBAL_ACCENT_COLOR_NAME = AccentColor;
				CODE_SIGN_STYLE = Automatic;
				INFOPLIST_FILE = Flixster/Info.plist;
				LD_RUNPATH_SEARCH_PATHS = (
					"$(inherited)",
					"@executable_path/Frameworks",
				);
				PRODUCT_BUNDLE_IDENTIFIER = Codepath.Flixster;
				PRODUCT_NAME = "$(TARGET_NAME)";
				SWIFT_VERSION = 5.0;
				TARGETED_DEVICE_FAMILY = "1,2";
			};
			name = Release;
		};
		F222B28625DCE12800E54C89 /* Debug */ = {
			isa = XCBuildConfiguration;
			baseConfigurationReference = 00A6918C3411FCDE58065F8C /* Pods-FlixsterTests.debug.xcconfig */;
			buildSettings = {
				ALWAYS_EMBED_SWIFT_STANDARD_LIBRARIES = YES;
				BUNDLE_LOADER = "$(TEST_HOST)";
				CODE_SIGN_STYLE = Automatic;
				INFOPLIST_FILE = FlixsterTests/Info.plist;
				IPHONEOS_DEPLOYMENT_TARGET = 14.4;
				LD_RUNPATH_SEARCH_PATHS = (
					"$(inherited)",
					"@executable_path/Frameworks",
					"@loader_path/Frameworks",
				);
				PRODUCT_BUNDLE_IDENTIFIER = Codepath.FlixsterTests;
				PRODUCT_NAME = "$(TARGET_NAME)";
				SWIFT_VERSION = 5.0;
				TARGETED_DEVICE_FAMILY = "1,2";
				TEST_HOST = "$(BUILT_PRODUCTS_DIR)/Flixster.app/Flixster";
			};
			name = Debug;
		};
		F222B28725DCE12800E54C89 /* Release */ = {
			isa = XCBuildConfiguration;
			baseConfigurationReference = D1A9FCE510F62DA54981B221 /* Pods-FlixsterTests.release.xcconfig */;
			buildSettings = {
				ALWAYS_EMBED_SWIFT_STANDARD_LIBRARIES = YES;
				BUNDLE_LOADER = "$(TEST_HOST)";
				CODE_SIGN_STYLE = Automatic;
				INFOPLIST_FILE = FlixsterTests/Info.plist;
				IPHONEOS_DEPLOYMENT_TARGET = 14.4;
				LD_RUNPATH_SEARCH_PATHS = (
					"$(inherited)",
					"@executable_path/Frameworks",
					"@loader_path/Frameworks",
				);
				PRODUCT_BUNDLE_IDENTIFIER = Codepath.FlixsterTests;
				PRODUCT_NAME = "$(TARGET_NAME)";
				SWIFT_VERSION = 5.0;
				TARGETED_DEVICE_FAMILY = "1,2";
				TEST_HOST = "$(BUILT_PRODUCTS_DIR)/Flixster.app/Flixster";
			};
			name = Release;
		};
		F222B28925DCE12800E54C89 /* Debug */ = {
			isa = XCBuildConfiguration;
			baseConfigurationReference = 90E6F0A993802CE6D6CAD24F /* Pods-FlixsterUITests.debug.xcconfig */;
			buildSettings = {
				ALWAYS_EMBED_SWIFT_STANDARD_LIBRARIES = YES;
				CODE_SIGN_STYLE = Automatic;
				INFOPLIST_FILE = FlixsterUITests/Info.plist;
				LD_RUNPATH_SEARCH_PATHS = (
					"$(inherited)",
					"@executable_path/Frameworks",
					"@loader_path/Frameworks",
				);
				PRODUCT_BUNDLE_IDENTIFIER = Codepath.FlixsterUITests;
				PRODUCT_NAME = "$(TARGET_NAME)";
				SWIFT_VERSION = 5.0;
				TARGETED_DEVICE_FAMILY = "1,2";
				TEST_TARGET_NAME = Flixster;
			};
			name = Debug;
		};
		F222B28A25DCE12800E54C89 /* Release */ = {
			isa = XCBuildConfiguration;
			baseConfigurationReference = 4B23F4824F323D0576B8E28F /* Pods-FlixsterUITests.release.xcconfig */;
			buildSettings = {
				ALWAYS_EMBED_SWIFT_STANDARD_LIBRARIES = YES;
				CODE_SIGN_STYLE = Automatic;
				INFOPLIST_FILE = FlixsterUITests/Info.plist;
				LD_RUNPATH_SEARCH_PATHS = (
					"$(inherited)",
					"@executable_path/Frameworks",
					"@loader_path/Frameworks",
				);
				PRODUCT_BUNDLE_IDENTIFIER = Codepath.FlixsterUITests;
				PRODUCT_NAME = "$(TARGET_NAME)";
				SWIFT_VERSION = 5.0;
				TARGETED_DEVICE_FAMILY = "1,2";
				TEST_TARGET_NAME = Flixster;
			};
			name = Release;
		};
/* End XCBuildConfiguration section */

/* Begin XCConfigurationList section */
		F222B25325DCE12500E54C89 /* Build configuration list for PBXProject "Flixster" */ = {
			isa = XCConfigurationList;
			buildConfigurations = (
				F222B28025DCE12800E54C89 /* Debug */,
				F222B28125DCE12800E54C89 /* Release */,
			);
			defaultConfigurationIsVisible = 0;
			defaultConfigurationName = Release;
		};
		F222B28225DCE12800E54C89 /* Build configuration list for PBXNativeTarget "Flixster" */ = {
			isa = XCConfigurationList;
			buildConfigurations = (
				F222B28325DCE12800E54C89 /* Debug */,
				F222B28425DCE12800E54C89 /* Release */,
			);
			defaultConfigurationIsVisible = 0;
			defaultConfigurationName = Release;
		};
		F222B28525DCE12800E54C89 /* Build configuration list for PBXNativeTarget "FlixsterTests" */ = {
			isa = XCConfigurationList;
			buildConfigurations = (
				F222B28625DCE12800E54C89 /* Debug */,
				F222B28725DCE12800E54C89 /* Release */,
			);
			defaultConfigurationIsVisible = 0;
			defaultConfigurationName = Release;
		};
		F222B28825DCE12800E54C89 /* Build configuration list for PBXNativeTarget "FlixsterUITests" */ = {
			isa = XCConfigurationList;
			buildConfigurations = (
				F222B28925DCE12800E54C89 /* Debug */,
				F222B28A25DCE12800E54C89 /* Release */,
			);
			defaultConfigurationIsVisible = 0;
			defaultConfigurationName = Release;
		};
/* End XCConfigurationList section */
	};
	rootObject = F222B25025DCE12500E54C89 /* Project object */;
}
